// !$*UTF8*$!
{
	archiveVersion = 1;
	classes = {
	};
	objectVersion = 46;
	objects = {

/* Begin PBXBuildFile section */
		7A169FCB1E1717ED00F0F2AB /* TweetersTableViewController.swift in Sources */ = {isa = PBXBuildFile; fileRef = 7A169FCA1E1717ED00F0F2AB /* TweetersTableViewController.swift */; };
		7A169FEF1E17194C00F0F2AB /* Model.xcdatamodeld in Sources */ = {isa = PBXBuildFile; fileRef = 7A169FED1E17194C00F0F2AB /* Model.xcdatamodeld */; };
		7A16A0161E171D3E00F0F2AB /* TwitterUser.swift in Sources */ = {isa = PBXBuildFile; fileRef = 7A16A0121E171D3E00F0F2AB /* TwitterUser.swift */; };
		7A16A0171E171D3E00F0F2AB /* TwitterUser+CoreDataProperties.swift in Sources */ = {isa = PBXBuildFile; fileRef = 7A16A0131E171D3E00F0F2AB /* TwitterUser+CoreDataProperties.swift */; };
		7A16A0181E171D3E00F0F2AB /* Tweet.swift in Sources */ = {isa = PBXBuildFile; fileRef = 7A16A0141E171D3E00F0F2AB /* Tweet.swift */; };
		7A16A0191E171D3E00F0F2AB /* Tweet+CoreDataProperties.swift in Sources */ = {isa = PBXBuildFile; fileRef = 7A16A0151E171D3E00F0F2AB /* Tweet+CoreDataProperties.swift */; };
		7A1D99831E15607A009C0C35 /* AppDelegate.swift in Sources */ = {isa = PBXBuildFile; fileRef = 7A1D99821E15607A009C0C35 /* AppDelegate.swift */; };
		7A1D99881E15607A009C0C35 /* Main.storyboard in Resources */ = {isa = PBXBuildFile; fileRef = 7A1D99861E15607A009C0C35 /* Main.storyboard */; };
		7A1D998A1E15607A009C0C35 /* Assets.xcassets in Resources */ = {isa = PBXBuildFile; fileRef = 7A1D99891E15607A009C0C35 /* Assets.xcassets */; };
		7A1D998D1E15607A009C0C35 /* LaunchScreen.storyboard in Resources */ = {isa = PBXBuildFile; fileRef = 7A1D998B1E15607A009C0C35 /* LaunchScreen.storyboard */; };
		7A1D99961E156118009C0C35 /* TweetTableViewController.swift in Sources */ = {isa = PBXBuildFile; fileRef = 7A1D99951E156118009C0C35 /* TweetTableViewController.swift */; };
		7AA19A5A1E1578470059D1EB /* Twitter.framework in Frameworks */ = {isa = PBXBuildFile; fileRef = 7AA19A591E1578470059D1EB /* Twitter.framework */; };
		7AA19A5E1E15A2E50059D1EB /* TweetTableViewCell.swift in Sources */ = {isa = PBXBuildFile; fileRef = 7AA19A5D1E15A2E50059D1EB /* TweetTableViewCell.swift */; };
		7AD885CF1E17D92100FFDC50 /* CoreDataTableViewController.swift in Sources */ = {isa = PBXBuildFile; fileRef = 7AD885CE1E17D92100FFDC50 /* CoreDataTableViewController.swift */; };
		7AD885D21E1803AD00FFDC50 /* HistoryTableViewController.swift in Sources */ = {isa = PBXBuildFile; fileRef = 7AD885D11E1803AD00FFDC50 /* HistoryTableViewController.swift */; };
		7AD885D91E1827A700FFDC50 /* SearchTerm.swift in Sources */ = {isa = PBXBuildFile; fileRef = 7AD885D51E1827A700FFDC50 /* SearchTerm.swift */; };
		7AD885DA1E1827A700FFDC50 /* SearchTerm+CoreDataProperties.swift in Sources */ = {isa = PBXBuildFile; fileRef = 7AD885D61E1827A700FFDC50 /* SearchTerm+CoreDataProperties.swift */; };
/* End PBXBuildFile section */

/* Begin PBXFileReference section */
		7A169FCA1E1717ED00F0F2AB /* TweetersTableViewController.swift */ = {isa = PBXFileReference; fileEncoding = 4; lastKnownFileType = sourcecode.swift; path = TweetersTableViewController.swift; sourceTree = "<group>"; };
		7A169FEE1E17194C00F0F2AB /* Model.xcdatamodel */ = {isa = PBXFileReference; lastKnownFileType = wrapper.xcdatamodel; path = Model.xcdatamodel; sourceTree = "<group>"; };
		7A16A0121E171D3E00F0F2AB /* TwitterUser.swift */ = {isa = PBXFileReference; fileEncoding = 4; lastKnownFileType = sourcecode.swift; path = TwitterUser.swift; sourceTree = "<group>"; };
		7A16A0131E171D3E00F0F2AB /* TwitterUser+CoreDataProperties.swift */ = {isa = PBXFileReference; fileEncoding = 4; lastKnownFileType = sourcecode.swift; path = "TwitterUser+CoreDataProperties.swift"; sourceTree = "<group>"; };
		7A16A0141E171D3E00F0F2AB /* Tweet.swift */ = {isa = PBXFileReference; fileEncoding = 4; lastKnownFileType = sourcecode.swift; path = Tweet.swift; sourceTree = "<group>"; };
		7A16A0151E171D3E00F0F2AB /* Tweet+CoreDataProperties.swift */ = {isa = PBXFileReference; fileEncoding = 4; lastKnownFileType = sourcecode.swift; path = "Tweet+CoreDataProperties.swift"; sourceTree = "<group>"; };
		7A1D997F1E15607A009C0C35 /* Smashtag.app */ = {isa = PBXFileReference; explicitFileType = wrapper.application; includeInIndex = 0; path = Smashtag.app; sourceTree = BUILT_PRODUCTS_DIR; };
		7A1D99821E15607A009C0C35 /* AppDelegate.swift */ = {isa = PBXFileReference; lastKnownFileType = sourcecode.swift; path = AppDelegate.swift; sourceTree = "<group>"; };
		7A1D99871E15607A009C0C35 /* Base */ = {isa = PBXFileReference; lastKnownFileType = file.storyboard; name = Base; path = Base.lproj/Main.storyboard; sourceTree = "<group>"; };
		7A1D99891E15607A009C0C35 /* Assets.xcassets */ = {isa = PBXFileReference; lastKnownFileType = folder.assetcatalog; path = Assets.xcassets; sourceTree = "<group>"; };
		7A1D998C1E15607A009C0C35 /* Base */ = {isa = PBXFileReference; lastKnownFileType = file.storyboard; name = Base; path = Base.lproj/LaunchScreen.storyboard; sourceTree = "<group>"; };
		7A1D998E1E15607A009C0C35 /* Info.plist */ = {isa = PBXFileReference; lastKnownFileType = text.plist.xml; path = Info.plist; sourceTree = "<group>"; };
		7A1D99951E156118009C0C35 /* TweetTableViewController.swift */ = {isa = PBXFileReference; fileEncoding = 4; lastKnownFileType = sourcecode.swift; path = TweetTableViewController.swift; sourceTree = "<group>"; };
		7AA19A591E1578470059D1EB /* Twitter.framework */ = {isa = PBXFileReference; lastKnownFileType = wrapper.framework; name = Twitter.framework; path = "../../../../Library/Developer/Xcode/DerivedData/Twitter_Search-dfoyeehizoijegfnrkqtenfgvpnn/Build/Products/Debug-iphoneos/Twitter.framework"; sourceTree = "<group>"; };
		7AA19A5D1E15A2E50059D1EB /* TweetTableViewCell.swift */ = {isa = PBXFileReference; fileEncoding = 4; lastKnownFileType = sourcecode.swift; path = TweetTableViewCell.swift; sourceTree = "<group>"; };
		7AD885CE1E17D92100FFDC50 /* CoreDataTableViewController.swift */ = {isa = PBXFileReference; fileEncoding = 4; lastKnownFileType = sourcecode.swift; path = CoreDataTableViewController.swift; sourceTree = "<group>"; };
		7AD885D11E1803AD00FFDC50 /* HistoryTableViewController.swift */ = {isa = PBXFileReference; fileEncoding = 4; lastKnownFileType = sourcecode.swift; path = HistoryTableViewController.swift; sourceTree = "<group>"; };
		7AD885D31E18275800FFDC50 /* Model 2.xcdatamodel */ = {isa = PBXFileReference; lastKnownFileType = wrapper.xcdatamodel; path = "Model 2.xcdatamodel"; sourceTree = "<group>"; };
		7AD885D51E1827A700FFDC50 /* SearchTerm.swift */ = {isa = PBXFileReference; fileEncoding = 4; lastKnownFileType = sourcecode.swift; path = SearchTerm.swift; sourceTree = "<group>"; };
		7AD885D61E1827A700FFDC50 /* SearchTerm+CoreDataProperties.swift */ = {isa = PBXFileReference; fileEncoding = 4; lastKnownFileType = sourcecode.swift; path = "SearchTerm+CoreDataProperties.swift"; sourceTree = "<group>"; };
/* End PBXFileReference section */

/* Begin PBXFrameworksBuildPhase section */
		7A1D997C1E15607A009C0C35 /* Frameworks */ = {
			isa = PBXFrameworksBuildPhase;
			buildActionMask = 2147483647;
			files = (
				7AA19A5A1E1578470059D1EB /* Twitter.framework in Frameworks */,
			);
			runOnlyForDeploymentPostprocessing = 0;
		};
/* End PBXFrameworksBuildPhase section */

/* Begin PBXGroup section */
		7A16A01A1E171D4100F0F2AB /* Core Data */ = {
			isa = PBXGroup;
			children = (
				7AD885D01E17F97200FFDC50 /* Stanford Framework */,
				7A16A0141E171D3E00F0F2AB /* Tweet.swift */,
				7A16A0121E171D3E00F0F2AB /* TwitterUser.swift */,
				7AD885D51E1827A700FFDC50 /* SearchTerm.swift */,
				7A16A0151E171D3E00F0F2AB /* Tweet+CoreDataProperties.swift */,
				7A16A0131E171D3E00F0F2AB /* TwitterUser+CoreDataProperties.swift */,
				7AD885D61E1827A700FFDC50 /* SearchTerm+CoreDataProperties.swift */,
			);
			name = "Core Data";
			sourceTree = "<group>";
		};
		7A1D99761E15607A009C0C35 = {
			isa = PBXGroup;
			children = (
				7A1D99811E15607A009C0C35 /* Smashtag */,
				7A1D99801E15607A009C0C35 /* Products */,
				7AA19A581E1578470059D1EB /* Frameworks */,
			);
			sourceTree = "<group>";
		};
		7A1D99801E15607A009C0C35 /* Products */ = {
			isa = PBXGroup;
			children = (
				7A1D997F1E15607A009C0C35 /* Smashtag.app */,
			);
			name = Products;
			sourceTree = "<group>";
		};
		7A1D99811E15607A009C0C35 /* Smashtag */ = {
			isa = PBXGroup;
			children = (
				7A16A01A1E171D4100F0F2AB /* Core Data */,
				7A1D99951E156118009C0C35 /* TweetTableViewController.swift */,
				7AA19A5D1E15A2E50059D1EB /* TweetTableViewCell.swift */,
				7A169FCA1E1717ED00F0F2AB /* TweetersTableViewController.swift */,
				7AD885D11E1803AD00FFDC50 /* HistoryTableViewController.swift */,
				7A1D99861E15607A009C0C35 /* Main.storyboard */,
				7A169FED1E17194C00F0F2AB /* Model.xcdatamodeld */,
				7A1D99941E15608B009C0C35 /* Supporting Files */,
			);
			path = Smashtag;
			sourceTree = "<group>";
		};
		7A1D99941E15608B009C0C35 /* Supporting Files */ = {
			isa = PBXGroup;
			children = (
				7A1D99821E15607A009C0C35 /* AppDelegate.swift */,
				7A1D99891E15607A009C0C35 /* Assets.xcassets */,
				7A1D998B1E15607A009C0C35 /* LaunchScreen.storyboard */,
				7A1D998E1E15607A009C0C35 /* Info.plist */,
			);
			name = "Supporting Files";
			sourceTree = "<group>";
		};
		7AA19A581E1578470059D1EB /* Frameworks */ = {
			isa = PBXGroup;
			children = (
				7AA19A591E1578470059D1EB /* Twitter.framework */,
			);
			name = Frameworks;
			sourceTree = "<group>";
		};
		7AD885D01E17F97200FFDC50 /* Stanford Framework */ = {
			isa = PBXGroup;
			children = (
				7AD885CE1E17D92100FFDC50 /* CoreDataTableViewController.swift */,
			);
			name = "Stanford Framework";
			sourceTree = "<group>";
		};
/* End PBXGroup section */

/* Begin PBXNativeTarget section */
		7A1D997E1E15607A009C0C35 /* Smashtag */ = {
			isa = PBXNativeTarget;
			buildConfigurationList = 7A1D99911E15607A009C0C35 /* Build configuration list for PBXNativeTarget "Smashtag" */;
			buildPhases = (
				7A1D997B1E15607A009C0C35 /* Sources */,
				7A1D997C1E15607A009C0C35 /* Frameworks */,
				7A1D997D1E15607A009C0C35 /* Resources */,
			);
			buildRules = (
			);
			dependencies = (
			);
			name = Smashtag;
			productName = Smashtag;
			productReference = 7A1D997F1E15607A009C0C35 /* Smashtag.app */;
			productType = "com.apple.product-type.application";
		};
/* End PBXNativeTarget section */

/* Begin PBXProject section */
		7A1D99771E15607A009C0C35 /* Project object */ = {
			isa = PBXProject;
			attributes = {
				LastSwiftUpdateCheck = 0820;
				LastUpgradeCheck = 0820;
				ORGANIZATIONNAME = "University of Bucharest - Marius Ilie";
				TargetAttributes = {
					7A1D997E1E15607A009C0C35 = {
						CreatedOnToolsVersion = 8.2.1;
						DevelopmentTeam = 2S2RSVRNML;
						ProvisioningStyle = Automatic;
					};
				};
			};
			buildConfigurationList = 7A1D997A1E15607A009C0C35 /* Build configuration list for PBXProject "Smashtag" */;
			compatibilityVersion = "Xcode 3.2";
			developmentRegion = English;
			hasScannedForEncodings = 0;
			knownRegions = (
				en,
				Base,
			);
			mainGroup = 7A1D99761E15607A009C0C35;
			productRefGroup = 7A1D99801E15607A009C0C35 /* Products */;
			projectDirPath = "";
			projectRoot = "";
			targets = (
				7A1D997E1E15607A009C0C35 /* Smashtag */,
			);
		};
/* End PBXProject section */

/* Begin PBXResourcesBuildPhase section */
		7A1D997D1E15607A009C0C35 /* Resources */ = {
			isa = PBXResourcesBuildPhase;
			buildActionMask = 2147483647;
			files = (
				7A1D998D1E15607A009C0C35 /* LaunchScreen.storyboard in Resources */,
				7A1D998A1E15607A009C0C35 /* Assets.xcassets in Resources */,
				7A1D99881E15607A009C0C35 /* Main.storyboard in Resources */,
			);
			runOnlyForDeploymentPostprocessing = 0;
		};
/* End PBXResourcesBuildPhase section */

/* Begin PBXSourcesBuildPhase section */
		7A1D997B1E15607A009C0C35 /* Sources */ = {
			isa = PBXSourcesBuildPhase;
			buildActionMask = 2147483647;
			files = (
				7A16A0161E171D3E00F0F2AB /* TwitterUser.swift in Sources */,
				7A16A0181E171D3E00F0F2AB /* Tweet.swift in Sources */,
				7A1D99831E15607A009C0C35 /* AppDelegate.swift in Sources */,
				7A1D99961E156118009C0C35 /* TweetTableViewController.swift in Sources */,
				7A169FEF1E17194C00F0F2AB /* Model.xcdatamodeld in Sources */,
				7A169FCB1E1717ED00F0F2AB /* TweetersTableViewController.swift in Sources */,
				7AD885D91E1827A700FFDC50 /* SearchTerm.swift in Sources */,
				7AD885DA1E1827A700FFDC50 /* SearchTerm+CoreDataProperties.swift in Sources */,
				7A16A0171E171D3E00F0F2AB /* TwitterUser+CoreDataProperties.swift in Sources */,
				7A16A0191E171D3E00F0F2AB /* Tweet+CoreDataProperties.swift in Sources */,
				7AD885D21E1803AD00FFDC50 /* HistoryTableViewController.swift in Sources */,
				7AD885CF1E17D92100FFDC50 /* CoreDataTableViewController.swift in Sources */,
				7AA19A5E1E15A2E50059D1EB /* TweetTableViewCell.swift in Sources */,
			);
			runOnlyForDeploymentPostprocessing = 0;
		};
/* End PBXSourcesBuildPhase section */

/* Begin PBXVariantGroup section */
		7A1D99861E15607A009C0C35 /* Main.storyboard */ = {
			isa = PBXVariantGroup;
			children = (
				7A1D99871E15607A009C0C35 /* Base */,
			);
			name = Main.storyboard;
			sourceTree = "<group>";
		};
		7A1D998B1E15607A009C0C35 /* LaunchScreen.storyboard */ = {
			isa = PBXVariantGroup;
			children = (
				7A1D998C1E15607A009C0C35 /* Base */,
			);
			name = LaunchScreen.storyboard;
			sourceTree = "<group>";
		};
/* End PBXVariantGroup section */

/* Begin XCBuildConfiguration section */
		7A1D998F1E15607A009C0C35 /* Debug */ = {
			isa = XCBuildConfiguration;
			buildSettings = {
				ALWAYS_SEARCH_USER_PATHS = NO;
				CLANG_ANALYZER_NONNULL = YES;
				CLANG_CXX_LANGUAGE_STANDARD = "gnu++0x";
				CLANG_CXX_LIBRARY = "libc++";
				CLANG_ENABLE_MODULES = YES;
				CLANG_ENABLE_OBJC_ARC = YES;
				CLANG_WARN_BOOL_CONVERSION = YES;
				CLANG_WARN_CONSTANT_CONVERSION = YES;
				CLANG_WARN_DIRECT_OBJC_ISA_USAGE = YES_ERROR;
				CLANG_WARN_DOCUMENTATION_COMMENTS = YES;
				CLANG_WARN_EMPTY_BODY = YES;
				CLANG_WARN_ENUM_CONVERSION = YES;
				CLANG_WARN_INFINITE_RECURSION = YES;
				CLANG_WARN_INT_CONVERSION = YES;
				CLANG_WARN_OBJC_ROOT_CLASS = YES_ERROR;
				CLANG_WARN_SUSPICIOUS_MOVE = YES;
				CLANG_WARN_UNREACHABLE_CODE = YES;
				CLANG_WARN__DUPLICATE_METHOD_MATCH = YES;
				"CODE_SIGN_IDENTITY[sdk=iphoneos*]" = "iPhone Developer";
				COPY_PHASE_STRIP = NO;
				DEBUG_INFORMATION_FORMAT = dwarf;
				ENABLE_STRICT_OBJC_MSGSEND = YES;
				ENABLE_TESTABILITY = YES;
				GCC_C_LANGUAGE_STANDARD = gnu99;
				GCC_DYNAMIC_NO_PIC = NO;
				GCC_NO_COMMON_BLOCKS = YES;
				GCC_OPTIMIZATION_LEVEL = 0;
				GCC_PREPROCESSOR_DEFINITIONS = (
					"DEBUG=1",
					"$(inherited)",
				);
				GCC_WARN_64_TO_32_BIT_CONVERSION = YES;
				GCC_WARN_ABOUT_RETURN_TYPE = YES_ERROR;
				GCC_WARN_UNDECLARED_SELECTOR = YES;
				GCC_WARN_UNINITIALIZED_AUTOS = YES_AGGRESSIVE;
				GCC_WARN_UNUSED_FUNCTION = YES;
				GCC_WARN_UNUSED_VARIABLE = YES;
				IPHONEOS_DEPLOYMENT_TARGET = 10.2;
				MTL_ENABLE_DEBUG_INFO = YES;
				ONLY_ACTIVE_ARCH = YES;
				SDKROOT = iphoneos;
				SWIFT_ACTIVE_COMPILATION_CONDITIONS = DEBUG;
				SWIFT_OPTIMIZATION_LEVEL = "-Onone";
				SWIFT_VERSION = 3.0;
			};
			name = Debug;
		};
		7A1D99901E15607A009C0C35 /* Release */ = {
			isa = XCBuildConfiguration;
			buildSettings = {
				ALWAYS_SEARCH_USER_PATHS = NO;
				CLANG_ANALYZER_NONNULL = YES;
				CLANG_CXX_LANGUAGE_STANDARD = "gnu++0x";
				CLANG_CXX_LIBRARY = "libc++";
				CLANG_ENABLE_MODULES = YES;
				CLANG_ENABLE_OBJC_ARC = YES;
				CLANG_WARN_BOOL_CONVERSION = YES;
				CLANG_WARN_CONSTANT_CONVERSION = YES;
				CLANG_WARN_DIRECT_OBJC_ISA_USAGE = YES_ERROR;
				CLANG_WARN_DOCUMENTATION_COMMENTS = YES;
				CLANG_WARN_EMPTY_BODY = YES;
				CLANG_WARN_ENUM_CONVERSION = YES;
				CLANG_WARN_INFINITE_RECURSION = YES;
				CLANG_WARN_INT_CONVERSION = YES;
				CLANG_WARN_OBJC_ROOT_CLASS = YES_ERROR;
				CLANG_WARN_SUSPICIOUS_MOVE = YES;
				CLANG_WARN_UNREACHABLE_CODE = YES;
				CLANG_WARN__DUPLICATE_METHOD_MATCH = YES;
				"CODE_SIGN_IDENTITY[sdk=iphoneos*]" = "iPhone Developer";
				COPY_PHASE_STRIP = NO;
				DEBUG_INFORMATION_FORMAT = "dwarf-with-dsym";
				ENABLE_NS_ASSERTIONS = NO;
				ENABLE_STRICT_OBJC_MSGSEND = YES;
				GCC_C_LANGUAGE_STANDARD = gnu99;
				GCC_NO_COMMON_BLOCKS = YES;
				GCC_WARN_64_TO_32_BIT_CONVERSION = YES;
				GCC_WARN_ABOUT_RETURN_TYPE = YES_ERROR;
				GCC_WARN_UNDECLARED_SELECTOR = YES;
				GCC_WARN_UNINITIALIZED_AUTOS = YES_AGGRESSIVE;
				GCC_WARN_UNUSED_FUNCTION = YES;
				GCC_WARN_UNUSED_VARIABLE = YES;
				IPHONEOS_DEPLOYMENT_TARGET = 10.2;
				MTL_ENABLE_DEBUG_INFO = NO;
				SDKROOT = iphoneos;
				SWIFT_OPTIMIZATION_LEVEL = "-Owholemodule";
				SWIFT_VERSION = 3.0;
				VALIDATE_PRODUCT = YES;
			};
			name = Release;
		};
		7A1D99921E15607A009C0C35 /* Debug */ = {
			isa = XCBuildConfiguration;
			buildSettings = {
				ASSETCATALOG_COMPILER_APPICON_NAME = AppIcon;
				DEVELOPMENT_TEAM = 2S2RSVRNML;
				INFOPLIST_FILE = Smashtag/Info.plist;
				LD_RUNPATH_SEARCH_PATHS = "$(inherited) @executable_path/Frameworks";
				PRODUCT_BUNDLE_IDENTIFIER = unibuc.ios1.mariusilie.Smashtag;
				PRODUCT_NAME = "$(TARGET_NAME)";
				SWIFT_VERSION = 3.0;
			};
			name = Debug;
		};
		7A1D99931E15607A009C0C35 /* Release */ = {
			isa = XCBuildConfiguration;
			buildSettings = {
				ASSETCATALOG_COMPILER_APPICON_NAME = AppIcon;
				DEVELOPMENT_TEAM = 2S2RSVRNML;
				INFOPLIST_FILE = Smashtag/Info.plist;
				LD_RUNPATH_SEARCH_PATHS = "$(inherited) @executable_path/Frameworks";
				PRODUCT_BUNDLE_IDENTIFIER = unibuc.ios1.mariusilie.Smashtag;
				PRODUCT_NAME = "$(TARGET_NAME)";
				SWIFT_VERSION = 3.0;
			};
			name = Release;
		};
/* End XCBuildConfiguration section */

/* Begin XCConfigurationList section */
		7A1D997A1E15607A009C0C35 /* Build configuration list for PBXProject "Smashtag" */ = {
			isa = XCConfigurationList;
			buildConfigurations = (
				7A1D998F1E15607A009C0C35 /* Debug */,
				7A1D99901E15607A009C0C35 /* Release */,
			);
			defaultConfigurationIsVisible = 0;
			defaultConfigurationName = Release;
		};
		7A1D99911E15607A009C0C35 /* Build configuration list for PBXNativeTarget "Smashtag" */ = {
			isa = XCConfigurationList;
			buildConfigurations = (
				7A1D99921E15607A009C0C35 /* Debug */,
				7A1D99931E15607A009C0C35 /* Release */,
			);
			defaultConfigurationIsVisible = 0;
			defaultConfigurationName = Release;
		};
/* End XCConfigurationList section */

/* Begin XCVersionGroup section */
		7A169FED1E17194C00F0F2AB /* Model.xcdatamodeld */ = {
			isa = XCVersionGroup;
			children = (
				7AD885D31E18275800FFDC50 /* Model 2.xcdatamodel */,
				7A169FEE1E17194C00F0F2AB /* Model.xcdatamodel */,
			);
			currentVersion = 7A169FEE1E17194C00F0F2AB /* Model.xcdatamodel */;
			path = Model.xcdatamodeld;
			sourceTree = "<group>";
			versionGroupType = wrapper.xcdatamodel;
		};
/* End XCVersionGroup section */
	};
	rootObject = 7A1D99771E15607A009C0C35 /* Project object */;
}
